
Microsoft Visual Studio Solution File, Format Version 12.00
# Visual Studio Version 17
VisualStudioVersion = 17.5.33627.172
MinimumVisualStudioVersion = 10.0.40219.1
Project("{FAE04EC0-301F-11D3-BF4B-00C04F79EFBC}") = "Library", "Library\Library.csproj", "{65091226-AB16-444C-8732-D0F2BD8B9155}"
EndProject
Global
	GlobalSection(SolutionConfigurationPlatforms) = preSolution
		Debug|Any CPU = Debug|Any CPU
		Release|Any CPU = Release|Any CPU
	EndGlobalSection
	GlobalSection(ProjectConfigurationPlatforms) = postSolution
		{65091226-AB16-444C-8732-D0F2BD8B9155}.Debug|Any CPU.ActiveCfg = Debug|Any CPU
		{65091226-AB16-444C-8732-D0F2BD8B9155}.Debug|Any CPU.Build.0 = Debug|Any CPU
		{65091226-AB16-444C-8732-D0F2BD8B9155}.Release|Any CPU.ActiveCfg = Release|Any CPU
		{65091226-AB16-444C-8732-D0F2BD8B9155}.Release|Any CPU.Build.0 = Release|Any CPU
	EndGlobalSection
	GlobalSection(SolutionProperties) = preSolution
		HideSolutionNode = FALSE
	EndGlobalSection
	GlobalSection(ExtensibilityGlobals) = postSolution
		SolutionGuid = {A0AEB504-D03F-4F9D-B424-AC1E9533AF8A}
	EndGlobalSection
EndGlobal
