
Microsoft Visual Studio Solution File, Format Version 12.00
# Visual Studio Version 17
VisualStudioVersion = 17.5.33627.172
MinimumVisualStudioVersion = 10.0.40219.1
Project("{9A19103F-16F7-4668-BE54-9A1E7A4F7556}") = "Library", "Library\Library.csproj", "{65091226-AB16-444C-8732-D0F2BD8B9155}"
EndProject
Project("{9A19103F-16F7-4668-BE54-9A1E7A4F7556}") = "Delegate", "Delegate\Delegate.csproj", "{D601CD2C-36C0-4820-9D22-577704256072}"
EndProject
Project("{9A19103F-16F7-4668-BE54-9A1E7A4F7556}") = "AlgorithmC#", "AlgorithmC#\AlgorithmC#.csproj", "{7FE56F06-0968-4605-BE30-CF2145486E50}"
EndProject
Project("{9A19103F-16F7-4668-BE54-9A1E7A4F7556}") = "Collections", "Collections\Collections.csproj", "{790DFE24-618D-4D92-88BE-91A52924208F}"
EndProject
Project("{9A19103F-16F7-4668-BE54-9A1E7A4F7556}") = "TaskScheduler", "TaskScheduler\TaskScheduler.csproj", "{3FB867E9-F0CA-4823-A276-B8655DDA02AA}"
EndProject
Project("{9A19103F-16F7-4668-BE54-9A1E7A4F7556}") = "MauiApp1", "MauiApp1\MauiApp1.csproj", "{217131DF-2584-4291-98A6-E5AB45787957}"
EndProject
Project("{9A19103F-16F7-4668-BE54-9A1E7A4F7556}") = "JWT.Auth", "JWT.Auth\JWT.Auth.csproj", "{32D69931-8B2C-48CA-BD6C-B687007A198E}"
EndProject
Project("{9A19103F-16F7-4668-BE54-9A1E7A4F7556}") = "JWT.Codepedia", "JWT.Codepedia\JWT.Codepedia.csproj", "{D6C69B09-0934-4A63-AA97-E60B7F19B3C0}"
EndProject
Project("{2150E333-8FDC-42A3-9474-1A3956D46DE8}") = "src", "src", "{9FA5CCC2-5C98-4224-A297-F378DC5F72EE}"
EndProject
Project("{9A19103F-16F7-4668-BE54-9A1E7A4F7556}") = "Gateway.API", "src\Gateway.API\Gateway.API.csproj", "{90AC12C1-990F-4EC0-A15B-3536FD04E9A0}"
EndProject
Project("{2150E333-8FDC-42A3-9474-1A3956D46DE8}") = "Education", "Education", "{1384FC40-1AC9-49F0-ABB9-6FDBE6F10803}"
EndProject
Project("{2150E333-8FDC-42A3-9474-1A3956D46DE8}") = "Transport", "Transport", "{685C345F-6513-4C61-85A5-9005DF4F4C27}"
EndProject
Project("{2150E333-8FDC-42A3-9474-1A3956D46DE8}") = "Taxes", "Taxes", "{7B608CB6-4FB8-459A-84FA-B646B3E2D32F}"
EndProject
Project("{2150E333-8FDC-42A3-9474-1A3956D46DE8}") = "HealthCare", "HealthCare", "{B4ECB358-2212-474F-A4BB-72F0D84F2CD0}"
EndProject
Project("{9A19103F-16F7-4668-BE54-9A1E7A4F7556}") = "Education.API", "src\Education\Education.API\Education.API.csproj", "{EA92F94E-F0ED-4295-ABF9-D9D94F20C7C9}"
EndProject
Project("{9A19103F-16F7-4668-BE54-9A1E7A4F7556}") = "HealthCare.API", "src\HealthCare\HealthCare.API\HealthCare.API.csproj", "{FD78CD1C-3066-4201-83B0-E82E0A8E3F3F}"
EndProject
Project("{9A19103F-16F7-4668-BE54-9A1E7A4F7556}") = "Taxes.API", "src\Taxes\Taxes.API\Taxes.API.csproj", "{F62CEE47-D265-4A73-8F5A-140E4DF40997}"
EndProject
Project("{9A19103F-16F7-4668-BE54-9A1E7A4F7556}") = "Transport.API", "src\Transport\Transport.API\Transport.API.csproj", "{EDC8C64C-4F40-4C9A-848E-47F0101E5FB5}"
EndProject
Project("{FAE04EC0-301F-11D3-BF4B-00C04F79EFBC}") = "RedisCache", "RedisCache\RedisCache.csproj", "{88EE2867-6B2E-47BD-A368-2E7755FDC235}"
EndProject
Global
	GlobalSection(SolutionConfigurationPlatforms) = preSolution
		Debug|Any CPU = Debug|Any CPU
		Release|Any CPU = Release|Any CPU
	EndGlobalSection
	GlobalSection(ProjectConfigurationPlatforms) = postSolution
		{65091226-AB16-444C-8732-D0F2BD8B9155}.Debug|Any CPU.ActiveCfg = Debug|Any CPU
		{65091226-AB16-444C-8732-D0F2BD8B9155}.Debug|Any CPU.Build.0 = Debug|Any CPU
		{65091226-AB16-444C-8732-D0F2BD8B9155}.Release|Any CPU.ActiveCfg = Release|Any CPU
		{65091226-AB16-444C-8732-D0F2BD8B9155}.Release|Any CPU.Build.0 = Release|Any CPU
		{D601CD2C-36C0-4820-9D22-577704256072}.Debug|Any CPU.ActiveCfg = Debug|Any CPU
		{D601CD2C-36C0-4820-9D22-577704256072}.Debug|Any CPU.Build.0 = Debug|Any CPU
		{D601CD2C-36C0-4820-9D22-577704256072}.Release|Any CPU.ActiveCfg = Release|Any CPU
		{D601CD2C-36C0-4820-9D22-577704256072}.Release|Any CPU.Build.0 = Release|Any CPU
		{7FE56F06-0968-4605-BE30-CF2145486E50}.Debug|Any CPU.ActiveCfg = Debug|Any CPU
		{7FE56F06-0968-4605-BE30-CF2145486E50}.Debug|Any CPU.Build.0 = Debug|Any CPU
		{7FE56F06-0968-4605-BE30-CF2145486E50}.Release|Any CPU.ActiveCfg = Release|Any CPU
		{7FE56F06-0968-4605-BE30-CF2145486E50}.Release|Any CPU.Build.0 = Release|Any CPU
		{790DFE24-618D-4D92-88BE-91A52924208F}.Debug|Any CPU.ActiveCfg = Debug|Any CPU
		{790DFE24-618D-4D92-88BE-91A52924208F}.Debug|Any CPU.Build.0 = Debug|Any CPU
		{790DFE24-618D-4D92-88BE-91A52924208F}.Release|Any CPU.ActiveCfg = Release|Any CPU
		{790DFE24-618D-4D92-88BE-91A52924208F}.Release|Any CPU.Build.0 = Release|Any CPU
		{3FB867E9-F0CA-4823-A276-B8655DDA02AA}.Debug|Any CPU.ActiveCfg = Debug|Any CPU
		{3FB867E9-F0CA-4823-A276-B8655DDA02AA}.Debug|Any CPU.Build.0 = Debug|Any CPU
		{3FB867E9-F0CA-4823-A276-B8655DDA02AA}.Release|Any CPU.ActiveCfg = Release|Any CPU
		{3FB867E9-F0CA-4823-A276-B8655DDA02AA}.Release|Any CPU.Build.0 = Release|Any CPU
		{217131DF-2584-4291-98A6-E5AB45787957}.Debug|Any CPU.ActiveCfg = Debug|Any CPU
		{217131DF-2584-4291-98A6-E5AB45787957}.Debug|Any CPU.Build.0 = Debug|Any CPU
		{217131DF-2584-4291-98A6-E5AB45787957}.Debug|Any CPU.Deploy.0 = Debug|Any CPU
		{217131DF-2584-4291-98A6-E5AB45787957}.Release|Any CPU.ActiveCfg = Release|Any CPU
		{217131DF-2584-4291-98A6-E5AB45787957}.Release|Any CPU.Build.0 = Release|Any CPU
		{217131DF-2584-4291-98A6-E5AB45787957}.Release|Any CPU.Deploy.0 = Release|Any CPU
		{32D69931-8B2C-48CA-BD6C-B687007A198E}.Debug|Any CPU.ActiveCfg = Debug|Any CPU
		{32D69931-8B2C-48CA-BD6C-B687007A198E}.Debug|Any CPU.Build.0 = Debug|Any CPU
		{32D69931-8B2C-48CA-BD6C-B687007A198E}.Release|Any CPU.ActiveCfg = Release|Any CPU
		{32D69931-8B2C-48CA-BD6C-B687007A198E}.Release|Any CPU.Build.0 = Release|Any CPU
		{D6C69B09-0934-4A63-AA97-E60B7F19B3C0}.Debug|Any CPU.ActiveCfg = Debug|Any CPU
		{D6C69B09-0934-4A63-AA97-E60B7F19B3C0}.Debug|Any CPU.Build.0 = Debug|Any CPU
		{D6C69B09-0934-4A63-AA97-E60B7F19B3C0}.Release|Any CPU.ActiveCfg = Release|Any CPU
		{D6C69B09-0934-4A63-AA97-E60B7F19B3C0}.Release|Any CPU.Build.0 = Release|Any CPU
		{90AC12C1-990F-4EC0-A15B-3536FD04E9A0}.Debug|Any CPU.ActiveCfg = Debug|Any CPU
		{90AC12C1-990F-4EC0-A15B-3536FD04E9A0}.Debug|Any CPU.Build.0 = Debug|Any CPU
		{90AC12C1-990F-4EC0-A15B-3536FD04E9A0}.Release|Any CPU.ActiveCfg = Release|Any CPU
		{90AC12C1-990F-4EC0-A15B-3536FD04E9A0}.Release|Any CPU.Build.0 = Release|Any CPU
		{EA92F94E-F0ED-4295-ABF9-D9D94F20C7C9}.Debug|Any CPU.ActiveCfg = Debug|Any CPU
		{EA92F94E-F0ED-4295-ABF9-D9D94F20C7C9}.Debug|Any CPU.Build.0 = Debug|Any CPU
		{EA92F94E-F0ED-4295-ABF9-D9D94F20C7C9}.Release|Any CPU.ActiveCfg = Release|Any CPU
		{EA92F94E-F0ED-4295-ABF9-D9D94F20C7C9}.Release|Any CPU.Build.0 = Release|Any CPU
		{FD78CD1C-3066-4201-83B0-E82E0A8E3F3F}.Debug|Any CPU.ActiveCfg = Debug|Any CPU
		{FD78CD1C-3066-4201-83B0-E82E0A8E3F3F}.Debug|Any CPU.Build.0 = Debug|Any CPU
		{FD78CD1C-3066-4201-83B0-E82E0A8E3F3F}.Release|Any CPU.ActiveCfg = Release|Any CPU
		{FD78CD1C-3066-4201-83B0-E82E0A8E3F3F}.Release|Any CPU.Build.0 = Release|Any CPU
		{F62CEE47-D265-4A73-8F5A-140E4DF40997}.Debug|Any CPU.ActiveCfg = Debug|Any CPU
		{F62CEE47-D265-4A73-8F5A-140E4DF40997}.Debug|Any CPU.Build.0 = Debug|Any CPU
		{F62CEE47-D265-4A73-8F5A-140E4DF40997}.Release|Any CPU.ActiveCfg = Release|Any CPU
		{F62CEE47-D265-4A73-8F5A-140E4DF40997}.Release|Any CPU.Build.0 = Release|Any CPU
		{EDC8C64C-4F40-4C9A-848E-47F0101E5FB5}.Debug|Any CPU.ActiveCfg = Debug|Any CPU
		{EDC8C64C-4F40-4C9A-848E-47F0101E5FB5}.Debug|Any CPU.Build.0 = Debug|Any CPU
		{EDC8C64C-4F40-4C9A-848E-47F0101E5FB5}.Release|Any CPU.ActiveCfg = Release|Any CPU
		{EDC8C64C-4F40-4C9A-848E-47F0101E5FB5}.Release|Any CPU.Build.0 = Release|Any CPU
		{88EE2867-6B2E-47BD-A368-2E7755FDC235}.Debug|Any CPU.ActiveCfg = Debug|Any CPU
		{88EE2867-6B2E-47BD-A368-2E7755FDC235}.Debug|Any CPU.Build.0 = Debug|Any CPU
		{88EE2867-6B2E-47BD-A368-2E7755FDC235}.Release|Any CPU.ActiveCfg = Release|Any CPU
		{88EE2867-6B2E-47BD-A368-2E7755FDC235}.Release|Any CPU.Build.0 = Release|Any CPU
	EndGlobalSection
	GlobalSection(SolutionProperties) = preSolution
		HideSolutionNode = FALSE
	EndGlobalSection
	GlobalSection(NestedProjects) = preSolution
		{90AC12C1-990F-4EC0-A15B-3536FD04E9A0} = {9FA5CCC2-5C98-4224-A297-F378DC5F72EE}
		{1384FC40-1AC9-49F0-ABB9-6FDBE6F10803} = {9FA5CCC2-5C98-4224-A297-F378DC5F72EE}
		{685C345F-6513-4C61-85A5-9005DF4F4C27} = {9FA5CCC2-5C98-4224-A297-F378DC5F72EE}
		{7B608CB6-4FB8-459A-84FA-B646B3E2D32F} = {9FA5CCC2-5C98-4224-A297-F378DC5F72EE}
		{B4ECB358-2212-474F-A4BB-72F0D84F2CD0} = {9FA5CCC2-5C98-4224-A297-F378DC5F72EE}
		{EA92F94E-F0ED-4295-ABF9-D9D94F20C7C9} = {1384FC40-1AC9-49F0-ABB9-6FDBE6F10803}
		{FD78CD1C-3066-4201-83B0-E82E0A8E3F3F} = {B4ECB358-2212-474F-A4BB-72F0D84F2CD0}
		{F62CEE47-D265-4A73-8F5A-140E4DF40997} = {7B608CB6-4FB8-459A-84FA-B646B3E2D32F}
		{EDC8C64C-4F40-4C9A-848E-47F0101E5FB5} = {685C345F-6513-4C61-85A5-9005DF4F4C27}
	EndGlobalSection
	GlobalSection(ExtensibilityGlobals) = postSolution
		SolutionGuid = {A0AEB504-D03F-4F9D-B424-AC1E9533AF8A}
	EndGlobalSection
EndGlobal
