
Microsoft Visual Studio Solution File, Format Version 12.00
# Visual Studio Version 17
VisualStudioVersion = 17.5.33627.172
MinimumVisualStudioVersion = 10.0.40219.1
Project("{FAE04EC0-301F-11D3-BF4B-00C04F79EFBC}") = "EduCenter", "EduCenter\EduCenter.csproj", "{3983DDFA-9962-427F-8020-55B133265C6B}"
EndProject
Global
	GlobalSection(SolutionConfigurationPlatforms) = preSolution
		Debug|Any CPU = Debug|Any CPU
		Release|Any CPU = Release|Any CPU
	EndGlobalSection
	GlobalSection(ProjectConfigurationPlatforms) = postSolution
		{3983DDFA-9962-427F-8020-55B133265C6B}.Debug|Any CPU.ActiveCfg = Debug|Any CPU
		{3983DDFA-9962-427F-8020-55B133265C6B}.Debug|Any CPU.Build.0 = Debug|Any CPU
		{3983DDFA-9962-427F-8020-55B133265C6B}.Release|Any CPU.ActiveCfg = Release|Any CPU
		{3983DDFA-9962-427F-8020-55B133265C6B}.Release|Any CPU.Build.0 = Release|Any CPU
	EndGlobalSection
	GlobalSection(SolutionProperties) = preSolution
		HideSolutionNode = FALSE
	EndGlobalSection
	GlobalSection(ExtensibilityGlobals) = postSolution
		SolutionGuid = {026AD8D1-A44D-469D-A2A2-6C51A7AA8789}
	EndGlobalSection
EndGlobal
